
Microsoft Visual Studio Solution File, Format Version 12.00
# Visual Studio 15
VisualStudioVersion = 15.0.28010.2016
MinimumVisualStudioVersion = 10.0.40219.1
Project("{FAE04EC0-301F-11D3-BF4B-00C04F79EFBC}") = "CSharp Playground", "CSharp Playground\CSharp Playground.csproj", "{E5C6C87E-591E-46B0-94F2-9CB59CFFB76C}"
EndProject
Project("{FAE04EC0-301F-11D3-BF4B-00C04F79EFBC}") = "CSharp Playground.Tests", "CSharp Playground.Tests\CSharp Playground.Tests.csproj", "{03065EFD-9A4F-4A97-9675-176B257F6B34}"
EndProject
Global
	GlobalSection(SolutionConfigurationPlatforms) = preSolution
		Debug|Any CPU = Debug|Any CPU
		Release|Any CPU = Release|Any CPU
	EndGlobalSection
	GlobalSection(ProjectConfigurationPlatforms) = postSolution
		{E5C6C87E-591E-46B0-94F2-9CB59CFFB76C}.Debug|Any CPU.ActiveCfg = Debug|Any CPU
		{E5C6C87E-591E-46B0-94F2-9CB59CFFB76C}.Debug|Any CPU.Build.0 = Debug|Any CPU
		{E5C6C87E-591E-46B0-94F2-9CB59CFFB76C}.Release|Any CPU.ActiveCfg = Release|Any CPU
		{E5C6C87E-591E-46B0-94F2-9CB59CFFB76C}.Release|Any CPU.Build.0 = Release|Any CPU
		{03065EFD-9A4F-4A97-9675-176B257F6B34}.Debug|Any CPU.ActiveCfg = Debug|Any CPU
		{03065EFD-9A4F-4A97-9675-176B257F6B34}.Debug|Any CPU.Build.0 = Debug|Any CPU
		{03065EFD-9A4F-4A97-9675-176B257F6B34}.Release|Any CPU.ActiveCfg = Release|Any CPU
		{03065EFD-9A4F-4A97-9675-176B257F6B34}.Release|Any CPU.Build.0 = Release|Any CPU
	EndGlobalSection
	GlobalSection(SolutionProperties) = preSolution
		HideSolutionNode = FALSE
	EndGlobalSection
	GlobalSection(ExtensibilityGlobals) = postSolution
		SolutionGuid = {D1316156-0C0D-4731-9DFF-9852C8A31DA3}
	EndGlobalSection
EndGlobal
